
Microsoft Visual Studio Solution File, Format Version 12.00
# Visual Studio 15
VisualStudioVersion = 15.0.27428.1
MinimumVisualStudioVersion = 10.0.40219.1
Project("{FAE04EC0-301F-11D3-BF4B-00C04F79EFBC}") = "milstone1", "milstone1\milstone1.csproj", "{365CDEDB-83C6-4D15-99CF-0C7F91E7F05D}"
EndProject
Global
	GlobalSection(SolutionConfigurationPlatforms) = preSolution
		Debug|Any CPU = Debug|Any CPU
		Release|Any CPU = Release|Any CPU
	EndGlobalSection
	GlobalSection(ProjectConfigurationPlatforms) = postSolution
		{365CDEDB-83C6-4D15-99CF-0C7F91E7F05D}.Debug|Any CPU.ActiveCfg = Debug|Any CPU
		{365CDEDB-83C6-4D15-99CF-0C7F91E7F05D}.Debug|Any CPU.Build.0 = Debug|Any CPU
		{365CDEDB-83C6-4D15-99CF-0C7F91E7F05D}.Release|Any CPU.ActiveCfg = Release|Any CPU
		{365CDEDB-83C6-4D15-99CF-0C7F91E7F05D}.Release|Any CPU.Build.0 = Release|Any CPU
	EndGlobalSection
	GlobalSection(SolutionProperties) = preSolution
		HideSolutionNode = FALSE
	EndGlobalSection
	GlobalSection(ExtensibilityGlobals) = postSolution
		SolutionGuid = {81DBB95C-B757-4D02-9D64-4117390C4EC8}
	EndGlobalSection
EndGlobal
